// !$*UTF8*$!
{
	archiveVersion = 1;
	classes = {
	};
	objectVersion = 46;
	objects = {

/* Begin PBXBuildFile section */
		6F3BEB491AF03A0600B82610 /* FMDatabase.m in Sources */ = {isa = PBXBuildFile; fileRef = 6F3BEB3F1AF03A0600B82610 /* FMDatabase.m */; };
		6F3BEB4A1AF03A0600B82610 /* FMDatabaseAdditions.m in Sources */ = {isa = PBXBuildFile; fileRef = 6F3BEB411AF03A0600B82610 /* FMDatabaseAdditions.m */; };
		6F3BEB4B1AF03A0600B82610 /* FMDatabasePool.m in Sources */ = {isa = PBXBuildFile; fileRef = 6F3BEB431AF03A0600B82610 /* FMDatabasePool.m */; };
		6F3BEB4C1AF03A0600B82610 /* FMDatabaseQueue.m in Sources */ = {isa = PBXBuildFile; fileRef = 6F3BEB451AF03A0600B82610 /* FMDatabaseQueue.m */; };
		6F3BEB4D1AF03A0600B82610 /* FMResultSet.m in Sources */ = {isa = PBXBuildFile; fileRef = 6F3BEB481AF03A0600B82610 /* FMResultSet.m */; };
		6F3BEB511AF054A500B82610 /* Util.swift in Sources */ = {isa = PBXBuildFile; fileRef = 6F3BEB501AF054A500B82610 /* Util.swift */; };
		6F3BEB531AF05CBE00B82610 /* ModelManager.swift in Sources */ = {isa = PBXBuildFile; fileRef = 6F3BEB521AF05CBE00B82610 /* ModelManager.swift */; };
		6F3BEB551AF077D900B82610 /* libsqlite3.0.dylib in Frameworks */ = {isa = PBXBuildFile; fileRef = 6F3BEB541AF077D900B82610 /* libsqlite3.0.dylib */; };
		6F3BEB591AF0891A00B82610 /* Samples.sqlite in Resources */ = {isa = PBXBuildFile; fileRef = 6F3BEB581AF0891A00B82610 /* Samples.sqlite */; };
		6F4DFFDF1AEF13E100F3CDEE /* Never Stop.mp3 in Resources */ = {isa = PBXBuildFile; fileRef = 6F4DFFD91AEF13E100F3CDEE /* Never Stop.mp3 */; };
		6F4DFFE01AEF13E100F3CDEE /* Real Love.mp3 in Resources */ = {isa = PBXBuildFile; fileRef = 6F4DFFDA1AEF13E100F3CDEE /* Real Love.mp3 */; };
		6F4DFFE11AEF13E100F3CDEE /* The Hum.mp3 in Resources */ = {isa = PBXBuildFile; fileRef = 6F4DFFDB1AEF13E100F3CDEE /* The Hum.mp3 */; };
		6F4DFFE21AEF13E100F3CDEE /* Love Me Like You Do.mp3 in Resources */ = {isa = PBXBuildFile; fileRef = 6F4DFFDC1AEF13E100F3CDEE /* Love Me Like You Do.mp3 */; };
		6F4DFFE31AEF13E100F3CDEE /* Pay No Mind.mp3 in Resources */ = {isa = PBXBuildFile; fileRef = 6F4DFFDD1AEF13E100F3CDEE /* Pay No Mind.mp3 */; };
		6F4DFFE41AEF13E100F3CDEE /* Truffle Butter.mp3 in Resources */ = {isa = PBXBuildFile; fileRef = 6F4DFFDE1AEF13E100F3CDEE /* Truffle Butter.mp3 */; };
		6F4DFFE61AEF13FB00F3CDEE /* Wasted.mp3 in Resources */ = {isa = PBXBuildFile; fileRef = 6F4DFFE51AEF13FB00F3CDEE /* Wasted.mp3 */; };
		6F5009F91AE8316E00A91B76 /* MusicCell.swift in Sources */ = {isa = PBXBuildFile; fileRef = 6F5009F81AE8316E00A91B76 /* MusicCell.swift */; };
		6F955CFA1AC89FDC00D66C15 /* MusicTableViewController.swift in Sources */ = {isa = PBXBuildFile; fileRef = 6F955CF91AC89FDC00D66C15 /* MusicTableViewController.swift */; };
		6F955CFC1AC89FFC00D66C15 /* StemTableViewController.swift in Sources */ = {isa = PBXBuildFile; fileRef = 6F955CFB1AC89FFC00D66C15 /* StemTableViewController.swift */; };
		6F955D001ACF4B3E00D66C15 /* MusicItem.swift in Sources */ = {isa = PBXBuildFile; fileRef = 6F955CFF1ACF4B3E00D66C15 /* MusicItem.swift */; };
		6FB295531AC0BD7B0013C26F /* RangeSlider.swift in Sources */ = {isa = PBXBuildFile; fileRef = 6FB295501AC0BD7B0013C26F /* RangeSlider.swift */; };
		6FB295541AC0BD7B0013C26F /* RangeSliderThumbLayer.swift in Sources */ = {isa = PBXBuildFile; fileRef = 6FB295511AC0BD7B0013C26F /* RangeSliderThumbLayer.swift */; };
		6FB295551AC0BD7B0013C26F /* RangeSliderTrackLayer.swift in Sources */ = {isa = PBXBuildFile; fileRef = 6FB295521AC0BD7B0013C26F /* RangeSliderTrackLayer.swift */; };
		6FB295591AC0D4040013C26F /* Sweet Dreams.mp3 in Resources */ = {isa = PBXBuildFile; fileRef = 6FB295581AC0D4040013C26F /* Sweet Dreams.mp3 */; };
		6FB295621AC899890013C26F /* SWRevealViewController.m in Sources */ = {isa = PBXBuildFile; fileRef = 6FB295611AC899890013C26F /* SWRevealViewController.m */; };
		6FB6B1E91AC0BCA400864219 /* AppDelegate.swift in Sources */ = {isa = PBXBuildFile; fileRef = 6FB6B1E81AC0BCA400864219 /* AppDelegate.swift */; };
		6FB6B1EB1AC0BCA400864219 /* ViewController.swift in Sources */ = {isa = PBXBuildFile; fileRef = 6FB6B1EA1AC0BCA400864219 /* ViewController.swift */; };
		6FB6B1EE1AC0BCA400864219 /* Main.storyboard in Resources */ = {isa = PBXBuildFile; fileRef = 6FB6B1EC1AC0BCA400864219 /* Main.storyboard */; };
		6FB6B1F01AC0BCA400864219 /* Images.xcassets in Resources */ = {isa = PBXBuildFile; fileRef = 6FB6B1EF1AC0BCA400864219 /* Images.xcassets */; };
		6FB6B1F31AC0BCA400864219 /* LaunchScreen.xib in Resources */ = {isa = PBXBuildFile; fileRef = 6FB6B1F11AC0BCA400864219 /* LaunchScreen.xib */; };
		6FB6B1FF1AC0BCA400864219 /* LoopBuddyTests.swift in Sources */ = {isa = PBXBuildFile; fileRef = 6FB6B1FE1AC0BCA400864219 /* LoopBuddyTests.swift */; };
		AA5D95BF1ADCC1D100FCA20A /* NavigationController.swift in Sources */ = {isa = PBXBuildFile; fileRef = AA5D95BE1ADCC1D000FCA20A /* NavigationController.swift */; };
/* End PBXBuildFile section */

/* Begin PBXContainerItemProxy section */
		6FB6B1F91AC0BCA400864219 /* PBXContainerItemProxy */ = {
			isa = PBXContainerItemProxy;
			containerPortal = 6FB6B1DB1AC0BCA400864219 /* Project object */;
			proxyType = 1;
			remoteGlobalIDString = 6FB6B1E21AC0BCA400864219;
			remoteInfo = LoopBuddy;
		};
/* End PBXContainerItemProxy section */

/* Begin PBXFileReference section */
		6F3BEB3E1AF03A0600B82610 /* FMDatabase.h */ = {isa = PBXFileReference; fileEncoding = 4; lastKnownFileType = sourcecode.c.h; path = FMDatabase.h; sourceTree = "<group>"; };
		6F3BEB3F1AF03A0600B82610 /* FMDatabase.m */ = {isa = PBXFileReference; fileEncoding = 4; lastKnownFileType = sourcecode.c.objc; path = FMDatabase.m; sourceTree = "<group>"; };
		6F3BEB401AF03A0600B82610 /* FMDatabaseAdditions.h */ = {isa = PBXFileReference; fileEncoding = 4; lastKnownFileType = sourcecode.c.h; path = FMDatabaseAdditions.h; sourceTree = "<group>"; };
		6F3BEB411AF03A0600B82610 /* FMDatabaseAdditions.m */ = {isa = PBXFileReference; fileEncoding = 4; lastKnownFileType = sourcecode.c.objc; path = FMDatabaseAdditions.m; sourceTree = "<group>"; };
		6F3BEB421AF03A0600B82610 /* FMDatabasePool.h */ = {isa = PBXFileReference; fileEncoding = 4; lastKnownFileType = sourcecode.c.h; path = FMDatabasePool.h; sourceTree = "<group>"; };
		6F3BEB431AF03A0600B82610 /* FMDatabasePool.m */ = {isa = PBXFileReference; fileEncoding = 4; lastKnownFileType = sourcecode.c.objc; path = FMDatabasePool.m; sourceTree = "<group>"; };
		6F3BEB441AF03A0600B82610 /* FMDatabaseQueue.h */ = {isa = PBXFileReference; fileEncoding = 4; lastKnownFileType = sourcecode.c.h; path = FMDatabaseQueue.h; sourceTree = "<group>"; };
		6F3BEB451AF03A0600B82610 /* FMDatabaseQueue.m */ = {isa = PBXFileReference; fileEncoding = 4; lastKnownFileType = sourcecode.c.objc; path = FMDatabaseQueue.m; sourceTree = "<group>"; };
		6F3BEB461AF03A0600B82610 /* FMDB.h */ = {isa = PBXFileReference; fileEncoding = 4; lastKnownFileType = sourcecode.c.h; path = FMDB.h; sourceTree = "<group>"; };
		6F3BEB471AF03A0600B82610 /* FMResultSet.h */ = {isa = PBXFileReference; fileEncoding = 4; lastKnownFileType = sourcecode.c.h; path = FMResultSet.h; sourceTree = "<group>"; };
		6F3BEB481AF03A0600B82610 /* FMResultSet.m */ = {isa = PBXFileReference; fileEncoding = 4; lastKnownFileType = sourcecode.c.objc; path = FMResultSet.m; sourceTree = "<group>"; };
		6F3BEB501AF054A500B82610 /* Util.swift */ = {isa = PBXFileReference; fileEncoding = 4; lastKnownFileType = sourcecode.swift; path = Util.swift; sourceTree = "<group>"; };
		6F3BEB521AF05CBE00B82610 /* ModelManager.swift */ = {isa = PBXFileReference; fileEncoding = 4; lastKnownFileType = sourcecode.swift; path = ModelManager.swift; sourceTree = "<group>"; };
		6F3BEB541AF077D900B82610 /* libsqlite3.0.dylib */ = {isa = PBXFileReference; lastKnownFileType = "compiled.mach-o.dylib"; name = libsqlite3.0.dylib; path = usr/lib/libsqlite3.0.dylib; sourceTree = SDKROOT; };
		6F3BEB581AF0891A00B82610 /* Samples.sqlite */ = {isa = PBXFileReference; lastKnownFileType = file; path = Samples.sqlite; sourceTree = "<group>"; };
		6F4DFFD91AEF13E100F3CDEE /* Never Stop.mp3 */ = {isa = PBXFileReference; lastKnownFileType = audio.mp3; path = "Never Stop.mp3"; sourceTree = "<group>"; };
		6F4DFFDA1AEF13E100F3CDEE /* Real Love.mp3 */ = {isa = PBXFileReference; lastKnownFileType = audio.mp3; path = "Real Love.mp3"; sourceTree = "<group>"; };
		6F4DFFDB1AEF13E100F3CDEE /* The Hum.mp3 */ = {isa = PBXFileReference; lastKnownFileType = audio.mp3; path = "The Hum.mp3"; sourceTree = "<group>"; };
		6F4DFFDC1AEF13E100F3CDEE /* Love Me Like You Do.mp3 */ = {isa = PBXFileReference; lastKnownFileType = audio.mp3; path = "Love Me Like You Do.mp3"; sourceTree = "<group>"; };
		6F4DFFDD1AEF13E100F3CDEE /* Pay No Mind.mp3 */ = {isa = PBXFileReference; lastKnownFileType = audio.mp3; path = "Pay No Mind.mp3"; sourceTree = "<group>"; };
		6F4DFFDE1AEF13E100F3CDEE /* Truffle Butter.mp3 */ = {isa = PBXFileReference; lastKnownFileType = audio.mp3; path = "Truffle Butter.mp3"; sourceTree = "<group>"; };
		6F4DFFE51AEF13FB00F3CDEE /* Wasted.mp3 */ = {isa = PBXFileReference; lastKnownFileType = audio.mp3; path = Wasted.mp3; sourceTree = "<group>"; };
		6F5009F81AE8316E00A91B76 /* MusicCell.swift */ = {isa = PBXFileReference; fileEncoding = 4; lastKnownFileType = sourcecode.swift; path = MusicCell.swift; sourceTree = "<group>"; };
		6F955CF91AC89FDC00D66C15 /* MusicTableViewController.swift */ = {isa = PBXFileReference; fileEncoding = 4; lastKnownFileType = sourcecode.swift; path = MusicTableViewController.swift; sourceTree = "<group>"; };
		6F955CFB1AC89FFC00D66C15 /* StemTableViewController.swift */ = {isa = PBXFileReference; fileEncoding = 4; lastKnownFileType = sourcecode.swift; path = StemTableViewController.swift; sourceTree = "<group>"; };
		6F955CFF1ACF4B3E00D66C15 /* MusicItem.swift */ = {isa = PBXFileReference; fileEncoding = 4; lastKnownFileType = sourcecode.swift; path = MusicItem.swift; sourceTree = "<group>"; };
		6FB295501AC0BD7B0013C26F /* RangeSlider.swift */ = {isa = PBXFileReference; fileEncoding = 4; lastKnownFileType = sourcecode.swift; path = RangeSlider.swift; sourceTree = "<group>"; };
		6FB295511AC0BD7B0013C26F /* RangeSliderThumbLayer.swift */ = {isa = PBXFileReference; fileEncoding = 4; lastKnownFileType = sourcecode.swift; path = RangeSliderThumbLayer.swift; sourceTree = "<group>"; };
		6FB295521AC0BD7B0013C26F /* RangeSliderTrackLayer.swift */ = {isa = PBXFileReference; fileEncoding = 4; lastKnownFileType = sourcecode.swift; path = RangeSliderTrackLayer.swift; sourceTree = "<group>"; };
		6FB295581AC0D4040013C26F /* Sweet Dreams.mp3 */ = {isa = PBXFileReference; lastKnownFileType = audio.mp3; path = "Sweet Dreams.mp3"; sourceTree = "<group>"; };
		6FB2955F1AC8997E0013C26F /* SWRevealViewController.h */ = {isa = PBXFileReference; lastKnownFileType = sourcecode.c.h; path = SWRevealViewController.h; sourceTree = "<group>"; };
		6FB295601AC899880013C26F /* LoopBuddy-Bridging-Header.h */ = {isa = PBXFileReference; lastKnownFileType = sourcecode.c.h; path = "LoopBuddy-Bridging-Header.h"; sourceTree = "<group>"; };
		6FB295611AC899890013C26F /* SWRevealViewController.m */ = {isa = PBXFileReference; fileEncoding = 4; lastKnownFileType = sourcecode.c.objc; path = SWRevealViewController.m; sourceTree = "<group>"; };
		6FB6B1E31AC0BCA400864219 /* LoopBuddy.app */ = {isa = PBXFileReference; explicitFileType = wrapper.application; includeInIndex = 0; path = LoopBuddy.app; sourceTree = BUILT_PRODUCTS_DIR; };
		6FB6B1E71AC0BCA400864219 /* Info.plist */ = {isa = PBXFileReference; lastKnownFileType = text.plist.xml; path = Info.plist; sourceTree = "<group>"; };
		6FB6B1E81AC0BCA400864219 /* AppDelegate.swift */ = {isa = PBXFileReference; lastKnownFileType = sourcecode.swift; path = AppDelegate.swift; sourceTree = "<group>"; };
		6FB6B1EA1AC0BCA400864219 /* ViewController.swift */ = {isa = PBXFileReference; lastKnownFileType = sourcecode.swift; path = ViewController.swift; sourceTree = "<group>"; };
		6FB6B1ED1AC0BCA400864219 /* Base */ = {isa = PBXFileReference; lastKnownFileType = file.storyboard; name = Base; path = Base.lproj/Main.storyboard; sourceTree = "<group>"; };
		6FB6B1EF1AC0BCA400864219 /* Images.xcassets */ = {isa = PBXFileReference; lastKnownFileType = folder.assetcatalog; path = Images.xcassets; sourceTree = "<group>"; };
		6FB6B1F21AC0BCA400864219 /* Base */ = {isa = PBXFileReference; lastKnownFileType = file.xib; name = Base; path = Base.lproj/LaunchScreen.xib; sourceTree = "<group>"; };
		6FB6B1F81AC0BCA400864219 /* LoopBuddyTests.xctest */ = {isa = PBXFileReference; explicitFileType = wrapper.cfbundle; includeInIndex = 0; path = LoopBuddyTests.xctest; sourceTree = BUILT_PRODUCTS_DIR; };
		6FB6B1FD1AC0BCA400864219 /* Info.plist */ = {isa = PBXFileReference; lastKnownFileType = text.plist.xml; path = Info.plist; sourceTree = "<group>"; };
		6FB6B1FE1AC0BCA400864219 /* LoopBuddyTests.swift */ = {isa = PBXFileReference; lastKnownFileType = sourcecode.swift; path = LoopBuddyTests.swift; sourceTree = "<group>"; };
		AA5D95BE1ADCC1D000FCA20A /* NavigationController.swift */ = {isa = PBXFileReference; fileEncoding = 4; lastKnownFileType = sourcecode.swift; path = NavigationController.swift; sourceTree = "<group>"; };
/* End PBXFileReference section */

/* Begin PBXFrameworksBuildPhase section */
		6FB6B1E01AC0BCA400864219 /* Frameworks */ = {
			isa = PBXFrameworksBuildPhase;
			buildActionMask = 2147483647;
			files = (
				6F3BEB551AF077D900B82610 /* libsqlite3.0.dylib in Frameworks */,
			);
			runOnlyForDeploymentPostprocessing = 0;
		};
		6FB6B1F51AC0BCA400864219 /* Frameworks */ = {
			isa = PBXFrameworksBuildPhase;
			buildActionMask = 2147483647;
			files = (
			);
			runOnlyForDeploymentPostprocessing = 0;
		};
/* End PBXFrameworksBuildPhase section */

/* Begin PBXGroup section */
		6F3BEB3D1AF039AC00B82610 /* FMDB */ = {
			isa = PBXGroup;
			children = (
				6F3BEB3E1AF03A0600B82610 /* FMDatabase.h */,
				6F3BEB3F1AF03A0600B82610 /* FMDatabase.m */,
				6F3BEB401AF03A0600B82610 /* FMDatabaseAdditions.h */,
				6F3BEB411AF03A0600B82610 /* FMDatabaseAdditions.m */,
				6F3BEB421AF03A0600B82610 /* FMDatabasePool.h */,
				6F3BEB431AF03A0600B82610 /* FMDatabasePool.m */,
				6F3BEB441AF03A0600B82610 /* FMDatabaseQueue.h */,
				6F3BEB451AF03A0600B82610 /* FMDatabaseQueue.m */,
				6F3BEB461AF03A0600B82610 /* FMDB.h */,
				6F3BEB471AF03A0600B82610 /* FMResultSet.h */,
				6F3BEB481AF03A0600B82610 /* FMResultSet.m */,
			);
			name = FMDB;
			sourceTree = "<group>";
		};
		6FB2955E1AC899000013C26F /* SWRevealViewController */ = {
			isa = PBXGroup;
			children = (
				6FB295611AC899890013C26F /* SWRevealViewController.m */,
				6FB2955F1AC8997E0013C26F /* SWRevealViewController.h */,
				6FB295601AC899880013C26F /* LoopBuddy-Bridging-Header.h */,
			);
			name = SWRevealViewController;
			sourceTree = "<group>";
		};
		6FB6B1DA1AC0BCA400864219 = {
			isa = PBXGroup;
			children = (
				6F3BEB541AF077D900B82610 /* libsqlite3.0.dylib */,
				6FB6B1E51AC0BCA400864219 /* LoopBuddy */,
				6FB6B1FB1AC0BCA400864219 /* LoopBuddyTests */,
				6FB6B1E41AC0BCA400864219 /* Products */,
			);
			sourceTree = "<group>";
		};
		6FB6B1E41AC0BCA400864219 /* Products */ = {
			isa = PBXGroup;
			children = (
				6FB6B1E31AC0BCA400864219 /* LoopBuddy.app */,
				6FB6B1F81AC0BCA400864219 /* LoopBuddyTests.xctest */,
			);
			name = Products;
			sourceTree = "<group>";
		};
		6FB6B1E51AC0BCA400864219 /* LoopBuddy */ = {
			isa = PBXGroup;
			children = (
				6F3BEB581AF0891A00B82610 /* Samples.sqlite */,
				6F3BEB3D1AF039AC00B82610 /* FMDB */,
				6F4DFFE51AEF13FB00F3CDEE /* Wasted.mp3 */,
				6F4DFFD91AEF13E100F3CDEE /* Never Stop.mp3 */,
				6F4DFFDA1AEF13E100F3CDEE /* Real Love.mp3 */,
				6F4DFFDB1AEF13E100F3CDEE /* The Hum.mp3 */,
				6F4DFFDC1AEF13E100F3CDEE /* Love Me Like You Do.mp3 */,
				6F4DFFDD1AEF13E100F3CDEE /* Pay No Mind.mp3 */,
				6F4DFFDE1AEF13E100F3CDEE /* Truffle Butter.mp3 */,
				6FB2955E1AC899000013C26F /* SWRevealViewController */,
				6FB295581AC0D4040013C26F /* Sweet Dreams.mp3 */,
				6F955CF91AC89FDC00D66C15 /* MusicTableViewController.swift */,
				6FB295501AC0BD7B0013C26F /* RangeSlider.swift */,
				6FB295511AC0BD7B0013C26F /* RangeSliderThumbLayer.swift */,
				6FB295521AC0BD7B0013C26F /* RangeSliderTrackLayer.swift */,
				6FB6B1E81AC0BCA400864219 /* AppDelegate.swift */,
				6FB6B1EA1AC0BCA400864219 /* ViewController.swift */,
				6FB6B1EC1AC0BCA400864219 /* Main.storyboard */,
				AA5D95BE1ADCC1D000FCA20A /* NavigationController.swift */,
				6FB6B1EF1AC0BCA400864219 /* Images.xcassets */,
				6FB6B1F11AC0BCA400864219 /* LaunchScreen.xib */,
				6FB6B1E61AC0BCA400864219 /* Supporting Files */,
				6F955CFB1AC89FFC00D66C15 /* StemTableViewController.swift */,
				6F955CFF1ACF4B3E00D66C15 /* MusicItem.swift */,
				6F5009F81AE8316E00A91B76 /* MusicCell.swift */,
				6F3BEB501AF054A500B82610 /* Util.swift */,
				6F3BEB521AF05CBE00B82610 /* ModelManager.swift */,
			);
			path = LoopBuddy;
			sourceTree = "<group>";
		};
		6FB6B1E61AC0BCA400864219 /* Supporting Files */ = {
			isa = PBXGroup;
			children = (
				6FB6B1E71AC0BCA400864219 /* Info.plist */,
			);
			name = "Supporting Files";
			sourceTree = "<group>";
		};
		6FB6B1FB1AC0BCA400864219 /* LoopBuddyTests */ = {
			isa = PBXGroup;
			children = (
				6FB6B1FE1AC0BCA400864219 /* LoopBuddyTests.swift */,
				6FB6B1FC1AC0BCA400864219 /* Supporting Files */,
			);
			path = LoopBuddyTests;
			sourceTree = "<group>";
		};
		6FB6B1FC1AC0BCA400864219 /* Supporting Files */ = {
			isa = PBXGroup;
			children = (
				6FB6B1FD1AC0BCA400864219 /* Info.plist */,
			);
			name = "Supporting Files";
			sourceTree = "<group>";
		};
/* End PBXGroup section */

/* Begin PBXNativeTarget section */
		6FB6B1E21AC0BCA400864219 /* LoopBuddy */ = {
			isa = PBXNativeTarget;
			buildConfigurationList = 6FB6B2021AC0BCA400864219 /* Build configuration list for PBXNativeTarget "LoopBuddy" */;
			buildPhases = (
				6FB6B1DF1AC0BCA400864219 /* Sources */,
				6FB6B1E01AC0BCA400864219 /* Frameworks */,
				6FB6B1E11AC0BCA400864219 /* Resources */,
			);
			buildRules = (
			);
			dependencies = (
			);
			name = LoopBuddy;
			productName = LoopBuddy;
			productReference = 6FB6B1E31AC0BCA400864219 /* LoopBuddy.app */;
			productType = "com.apple.product-type.application";
		};
		6FB6B1F71AC0BCA400864219 /* LoopBuddyTests */ = {
			isa = PBXNativeTarget;
			buildConfigurationList = 6FB6B2051AC0BCA400864219 /* Build configuration list for PBXNativeTarget "LoopBuddyTests" */;
			buildPhases = (
				6FB6B1F41AC0BCA400864219 /* Sources */,
				6FB6B1F51AC0BCA400864219 /* Frameworks */,
				6FB6B1F61AC0BCA400864219 /* Resources */,
			);
			buildRules = (
			);
			dependencies = (
				6FB6B1FA1AC0BCA400864219 /* PBXTargetDependency */,
			);
			name = LoopBuddyTests;
			productName = LoopBuddyTests;
			productReference = 6FB6B1F81AC0BCA400864219 /* LoopBuddyTests.xctest */;
			productType = "com.apple.product-type.bundle.unit-test";
		};
/* End PBXNativeTarget section */

/* Begin PBXProject section */
		6FB6B1DB1AC0BCA400864219 /* Project object */ = {
			isa = PBXProject;
			attributes = {
				LastUpgradeCheck = 0620;
				ORGANIZATIONNAME = "Westley Russell";
				TargetAttributes = {
					6FB6B1E21AC0BCA400864219 = {
						CreatedOnToolsVersion = 6.2;
					};
					6FB6B1F71AC0BCA400864219 = {
						CreatedOnToolsVersion = 6.2;
						TestTargetID = 6FB6B1E21AC0BCA400864219;
					};
				};
			};
			buildConfigurationList = 6FB6B1DE1AC0BCA400864219 /* Build configuration list for PBXProject "LoopBuddy" */;
			compatibilityVersion = "Xcode 3.2";
			developmentRegion = English;
			hasScannedForEncodings = 0;
			knownRegions = (
				en,
				Base,
			);
			mainGroup = 6FB6B1DA1AC0BCA400864219;
			productRefGroup = 6FB6B1E41AC0BCA400864219 /* Products */;
			projectDirPath = "";
			projectRoot = "";
			targets = (
				6FB6B1E21AC0BCA400864219 /* LoopBuddy */,
				6FB6B1F71AC0BCA400864219 /* LoopBuddyTests */,
			);
		};
/* End PBXProject section */

/* Begin PBXResourcesBuildPhase section */
		6FB6B1E11AC0BCA400864219 /* Resources */ = {
			isa = PBXResourcesBuildPhase;
			buildActionMask = 2147483647;
			files = (
				6F4DFFE61AEF13FB00F3CDEE /* Wasted.mp3 in Resources */,
				6F4DFFE31AEF13E100F3CDEE /* Pay No Mind.mp3 in Resources */,
				6F4DFFE11AEF13E100F3CDEE /* The Hum.mp3 in Resources */,
				6FB6B1EE1AC0BCA400864219 /* Main.storyboard in Resources */,
				6F4DFFE01AEF13E100F3CDEE /* Real Love.mp3 in Resources */,
				6FB6B1F31AC0BCA400864219 /* LaunchScreen.xib in Resources */,
				6FB295591AC0D4040013C26F /* Sweet Dreams.mp3 in Resources */,
				6F4DFFE41AEF13E100F3CDEE /* Truffle Butter.mp3 in Resources */,
				6F4DFFE21AEF13E100F3CDEE /* Love Me Like You Do.mp3 in Resources */,
				6FB6B1F01AC0BCA400864219 /* Images.xcassets in Resources */,
				6F4DFFDF1AEF13E100F3CDEE /* Never Stop.mp3 in Resources */,
				6F3BEB591AF0891A00B82610 /* Samples.sqlite in Resources */,
			);
			runOnlyForDeploymentPostprocessing = 0;
		};
		6FB6B1F61AC0BCA400864219 /* Resources */ = {
			isa = PBXResourcesBuildPhase;
			buildActionMask = 2147483647;
			files = (
			);
			runOnlyForDeploymentPostprocessing = 0;
		};
/* End PBXResourcesBuildPhase section */

/* Begin PBXSourcesBuildPhase section */
		6FB6B1DF1AC0BCA400864219 /* Sources */ = {
			isa = PBXSourcesBuildPhase;
			buildActionMask = 2147483647;
			files = (
				6F955D001ACF4B3E00D66C15 /* MusicItem.swift in Sources */,
				6F955CFC1AC89FFC00D66C15 /* StemTableViewController.swift in Sources */,
				6FB6B1EB1AC0BCA400864219 /* ViewController.swift in Sources */,
				6F3BEB491AF03A0600B82610 /* FMDatabase.m in Sources */,
				6FB295551AC0BD7B0013C26F /* RangeSliderTrackLayer.swift in Sources */,
				6F3BEB531AF05CBE00B82610 /* ModelManager.swift in Sources */,
				6F3BEB4C1AF03A0600B82610 /* FMDatabaseQueue.m in Sources */,
				6F3BEB511AF054A500B82610 /* Util.swift in Sources */,
				6F3BEB4D1AF03A0600B82610 /* FMResultSet.m in Sources */,
				6FB295531AC0BD7B0013C26F /* RangeSlider.swift in Sources */,
				AA5D95BF1ADCC1D100FCA20A /* NavigationController.swift in Sources */,
				6FB6B1E91AC0BCA400864219 /* AppDelegate.swift in Sources */,
				6F3BEB4A1AF03A0600B82610 /* FMDatabaseAdditions.m in Sources */,
				6F5009F91AE8316E00A91B76 /* MusicCell.swift in Sources */,
				6FB295541AC0BD7B0013C26F /* RangeSliderThumbLayer.swift in Sources */,
				6F3BEB4B1AF03A0600B82610 /* FMDatabasePool.m in Sources */,
				6FB295621AC899890013C26F /* SWRevealViewController.m in Sources */,
				6F955CFA1AC89FDC00D66C15 /* MusicTableViewController.swift in Sources */,
			);
			runOnlyForDeploymentPostprocessing = 0;
		};
		6FB6B1F41AC0BCA400864219 /* Sources */ = {
			isa = PBXSourcesBuildPhase;
			buildActionMask = 2147483647;
			files = (
				6FB6B1FF1AC0BCA400864219 /* LoopBuddyTests.swift in Sources */,
			);
			runOnlyForDeploymentPostprocessing = 0;
		};
/* End PBXSourcesBuildPhase section */

/* Begin PBXTargetDependency section */
		6FB6B1FA1AC0BCA400864219 /* PBXTargetDependency */ = {
			isa = PBXTargetDependency;
			target = 6FB6B1E21AC0BCA400864219 /* LoopBuddy */;
			targetProxy = 6FB6B1F91AC0BCA400864219 /* PBXContainerItemProxy */;
		};
/* End PBXTargetDependency section */

/* Begin PBXVariantGroup section */
		6FB6B1EC1AC0BCA400864219 /* Main.storyboard */ = {
			isa = PBXVariantGroup;
			children = (
				6FB6B1ED1AC0BCA400864219 /* Base */,
			);
			name = Main.storyboard;
			sourceTree = "<group>";
		};
		6FB6B1F11AC0BCA400864219 /* LaunchScreen.xib */ = {
			isa = PBXVariantGroup;
			children = (
				6FB6B1F21AC0BCA400864219 /* Base */,
			);
			name = LaunchScreen.xib;
			sourceTree = "<group>";
		};
/* End PBXVariantGroup section */

/* Begin XCBuildConfiguration section */
		6FB6B2001AC0BCA400864219 /* Debug */ = {
			isa = XCBuildConfiguration;
			buildSettings = {
				ALWAYS_SEARCH_USER_PATHS = NO;
				CLANG_CXX_LANGUAGE_STANDARD = "gnu++0x";
				CLANG_CXX_LIBRARY = "libc++";
				CLANG_ENABLE_MODULES = YES;
				CLANG_ENABLE_OBJC_ARC = YES;
				CLANG_WARN_BOOL_CONVERSION = YES;
				CLANG_WARN_CONSTANT_CONVERSION = YES;
				CLANG_WARN_DIRECT_OBJC_ISA_USAGE = YES_ERROR;
				CLANG_WARN_EMPTY_BODY = YES;
				CLANG_WARN_ENUM_CONVERSION = YES;
				CLANG_WARN_INT_CONVERSION = YES;
				CLANG_WARN_OBJC_ROOT_CLASS = YES_ERROR;
				CLANG_WARN_UNREACHABLE_CODE = YES;
				CLANG_WARN__DUPLICATE_METHOD_MATCH = YES;
				"CODE_SIGN_IDENTITY[sdk=iphoneos*]" = "iPhone Developer";
				COPY_PHASE_STRIP = NO;
				ENABLE_STRICT_OBJC_MSGSEND = YES;
				GCC_C_LANGUAGE_STANDARD = gnu99;
				GCC_DYNAMIC_NO_PIC = NO;
				GCC_OPTIMIZATION_LEVEL = 0;
				GCC_PREPROCESSOR_DEFINITIONS = (
					"DEBUG=1",
					"$(inherited)",
				);
				GCC_SYMBOLS_PRIVATE_EXTERN = NO;
				GCC_WARN_64_TO_32_BIT_CONVERSION = YES;
				GCC_WARN_ABOUT_RETURN_TYPE = YES_ERROR;
				GCC_WARN_UNDECLARED_SELECTOR = YES;
				GCC_WARN_UNINITIALIZED_AUTOS = YES_AGGRESSIVE;
				GCC_WARN_UNUSED_FUNCTION = YES;
				GCC_WARN_UNUSED_VARIABLE = YES;
				IPHONEOS_DEPLOYMENT_TARGET = 8.2;
				MTL_ENABLE_DEBUG_INFO = YES;
				ONLY_ACTIVE_ARCH = YES;
				SDKROOT = iphoneos;
				SWIFT_OPTIMIZATION_LEVEL = "-Onone";
			};
			name = Debug;
		};
		6FB6B2011AC0BCA400864219 /* Release */ = {
			isa = XCBuildConfiguration;
			buildSettings = {
				ALWAYS_SEARCH_USER_PATHS = NO;
				CLANG_CXX_LANGUAGE_STANDARD = "gnu++0x";
				CLANG_CXX_LIBRARY = "libc++";
				CLANG_ENABLE_MODULES = YES;
				CLANG_ENABLE_OBJC_ARC = YES;
				CLANG_WARN_BOOL_CONVERSION = YES;
				CLANG_WARN_CONSTANT_CONVERSION = YES;
				CLANG_WARN_DIRECT_OBJC_ISA_USAGE = YES_ERROR;
				CLANG_WARN_EMPTY_BODY = YES;
				CLANG_WARN_ENUM_CONVERSION = YES;
				CLANG_WARN_INT_CONVERSION = YES;
				CLANG_WARN_OBJC_ROOT_CLASS = YES_ERROR;
				CLANG_WARN_UNREACHABLE_CODE = YES;
				CLANG_WARN__DUPLICATE_METHOD_MATCH = YES;
				"CODE_SIGN_IDENTITY[sdk=iphoneos*]" = "iPhone Developer";
				COPY_PHASE_STRIP = NO;
				ENABLE_NS_ASSERTIONS = NO;
				ENABLE_STRICT_OBJC_MSGSEND = YES;
				GCC_C_LANGUAGE_STANDARD = gnu99;
				GCC_WARN_64_TO_32_BIT_CONVERSION = YES;
				GCC_WARN_ABOUT_RETURN_TYPE = YES_ERROR;
				GCC_WARN_UNDECLARED_SELECTOR = YES;
				GCC_WARN_UNINITIALIZED_AUTOS = YES_AGGRESSIVE;
				GCC_WARN_UNUSED_FUNCTION = YES;
				GCC_WARN_UNUSED_VARIABLE = YES;
				IPHONEOS_DEPLOYMENT_TARGET = 8.2;
				MTL_ENABLE_DEBUG_INFO = NO;
				SDKROOT = iphoneos;
				VALIDATE_PRODUCT = YES;
			};
			name = Release;
		};
		6FB6B2031AC0BCA400864219 /* Debug */ = {
			isa = XCBuildConfiguration;
			buildSettings = {
				ASSETCATALOG_COMPILER_APPICON_NAME = AppIcon;
				CLANG_ENABLE_MODULES = YES;
				INFOPLIST_FILE = LoopBuddy/Info.plist;
				LD_RUNPATH_SEARCH_PATHS = "$(inherited) @executable_path/Frameworks";
				PRODUCT_NAME = "$(TARGET_NAME)";
				SWIFT_OBJC_BRIDGING_HEADER = "LoopBuddy/LoopBuddy-Bridging-Header.h";
				SWIFT_OPTIMIZATION_LEVEL = "-Onone";
			};
			name = Debug;
		};
		6FB6B2041AC0BCA400864219 /* Release */ = {
			isa = XCBuildConfiguration;
			buildSettings = {
				ASSETCATALOG_COMPILER_APPICON_NAME = AppIcon;
				CLANG_ENABLE_MODULES = YES;
				INFOPLIST_FILE = LoopBuddy/Info.plist;
				LD_RUNPATH_SEARCH_PATHS = "$(inherited) @executable_path/Frameworks";
				PRODUCT_NAME = "$(TARGET_NAME)";
				SWIFT_OBJC_BRIDGING_HEADER = "LoopBuddy/LoopBuddy-Bridging-Header.h";
			};
			name = Release;
		};
		6FB6B2061AC0BCA400864219 /* Debug */ = {
			isa = XCBuildConfiguration;
			buildSettings = {
				BUNDLE_LOADER = "$(TEST_HOST)";
				FRAMEWORK_SEARCH_PATHS = (
					"$(SDKROOT)/Developer/Library/Frameworks",
					"$(inherited)",
				);
				GCC_PREPROCESSOR_DEFINITIONS = (
					"DEBUG=1",
					"$(inherited)",
				);
				INFOPLIST_FILE = LoopBuddyTests/Info.plist;
				LD_RUNPATH_SEARCH_PATHS = "$(inherited) @executable_path/Frameworks @loader_path/Frameworks";
				PRODUCT_NAME = "$(TARGET_NAME)";
				TEST_HOST = "$(BUILT_PRODUCTS_DIR)/LoopBuddy.app/LoopBuddy";
			};
			name = Debug;
		};
		6FB6B2071AC0BCA400864219 /* Release */ = {
			isa = XCBuildConfiguration;
			buildSettings = {
				BUNDLE_LOADER = "$(TEST_HOST)";
				FRAMEWORK_SEARCH_PATHS = (
					"$(SDKROOT)/Developer/Library/Frameworks",
					"$(inherited)",
				);
				INFOPLIST_FILE = LoopBuddyTests/Info.plist;
				LD_RUNPATH_SEARCH_PATHS = "$(inherited) @executable_path/Frameworks @loader_path/Frameworks";
				PRODUCT_NAME = "$(TARGET_NAME)";
				TEST_HOST = "$(BUILT_PRODUCTS_DIR)/LoopBuddy.app/LoopBuddy";
			};
			name = Release;
		};
/* End XCBuildConfiguration section */

/* Begin XCConfigurationList section */
		6FB6B1DE1AC0BCA400864219 /* Build configuration list for PBXProject "LoopBuddy" */ = {
			isa = XCConfigurationList;
			buildConfigurations = (
				6FB6B2001AC0BCA400864219 /* Debug */,
				6FB6B2011AC0BCA400864219 /* Release */,
			);
			defaultConfigurationIsVisible = 0;
			defaultConfigurationName = Release;
		};
		6FB6B2021AC0BCA400864219 /* Build configuration list for PBXNativeTarget "LoopBuddy" */ = {
			isa = XCConfigurationList;
			buildConfigurations = (
				6FB6B2031AC0BCA400864219 /* Debug */,
				6FB6B2041AC0BCA400864219 /* Release */,
			);
			defaultConfigurationIsVisible = 0;
			defaultConfigurationName = Release;
		};
		6FB6B2051AC0BCA400864219 /* Build configuration list for PBXNativeTarget "LoopBuddyTests" */ = {
			isa = XCConfigurationList;
			buildConfigurations = (
				6FB6B2061AC0BCA400864219 /* Debug */,
				6FB6B2071AC0BCA400864219 /* Release */,
			);
			defaultConfigurationIsVisible = 0;
			defaultConfigurationName = Release;
		};
/* End XCConfigurationList section */
	};
	rootObject = 6FB6B1DB1AC0BCA400864219 /* Project object */;
}
